
Microsoft Visual Studio Solution File, Format Version 12.00
# Visual Studio Version 17
VisualStudioVersion = 17.14.36401.2 d17.14
MinimumVisualStudioVersion = 10.0.40219.1
Project("{FAE04EC0-301F-11D3-BF4B-00C04F79EFBC}") = "Lab3", "Lab3.csproj", "{8347C59D-9099-4BAD-BF8B-DA1C6447B56F}"
EndProject
Global
	GlobalSection(SolutionConfigurationPlatforms) = preSolution
		Debug|Any CPU = Debug|Any CPU
		Release|Any CPU = Release|Any CPU
	EndGlobalSection
	GlobalSection(ProjectConfigurationPlatforms) = postSolution
		{8347C59D-9099-4BAD-BF8B-DA1C6447B56F}.Debug|Any CPU.ActiveCfg = Debug|Any CPU
		{8347C59D-9099-4BAD-BF8B-DA1C6447B56F}.Debug|Any CPU.Build.0 = Debug|Any CPU
		{8347C59D-9099-4BAD-BF8B-DA1C6447B56F}.Release|Any CPU.ActiveCfg = Release|Any CPU
		{8347C59D-9099-4BAD-BF8B-DA1C6447B56F}.Release|Any CPU.Build.0 = Release|Any CPU
	EndGlobalSection
	GlobalSection(SolutionProperties) = preSolution
		HideSolutionNode = FALSE
	EndGlobalSection
	GlobalSection(ExtensibilityGlobals) = postSolution
		SolutionGuid = {0B1338EC-0E99-4824-9815-F86F25CE7CDB}
	EndGlobalSection
EndGlobal
